// !$*UTF8*$!
{
	archiveVersion = 1;
	classes = {
	};
	objectVersion = 51;
	objects = {

/* Begin PBXBuildFile section */
		664749FBB920AF3A21E79B35 /* Pods_CovidMap.framework in Frameworks */ = {isa = PBXBuildFile; fileRef = B6B97C9A432C6F1B6EAE83CA /* Pods_CovidMap.framework */; };
		692166CA248129CE0017D89D /* AppDelegate.swift in Sources */ = {isa = PBXBuildFile; fileRef = 692166C9248129CE0017D89D /* AppDelegate.swift */; };
		692166CC248129CE0017D89D /* SceneDelegate.swift in Sources */ = {isa = PBXBuildFile; fileRef = 692166CB248129CE0017D89D /* SceneDelegate.swift */; };
		692166CE248129CE0017D89D /* ViewController.swift in Sources */ = {isa = PBXBuildFile; fileRef = 692166CD248129CE0017D89D /* ViewController.swift */; };
		692166D1248129CE0017D89D /* Main.storyboard in Resources */ = {isa = PBXBuildFile; fileRef = 692166CF248129CE0017D89D /* Main.storyboard */; };
		692166D3248129D10017D89D /* Assets.xcassets in Resources */ = {isa = PBXBuildFile; fileRef = 692166D2248129D10017D89D /* Assets.xcassets */; };
		692166D6248129D10017D89D /* LaunchScreen.storyboard in Resources */ = {isa = PBXBuildFile; fileRef = 692166D4248129D10017D89D /* LaunchScreen.storyboard */; };
		696AE8292483EFEF005E9E85 /* PrefecturePin.swift in Sources */ = {isa = PBXBuildFile; fileRef = 696AE8282483EFEF005E9E85 /* PrefecturePin.swift */; };
		696AE82B2483F08D005E9E85 /* MapViewController.swift in Sources */ = {isa = PBXBuildFile; fileRef = 696AE82A2483F08D005E9E85 /* MapViewController.swift */; };
		69F866D424812FE3007AD03C /* Prefecture.swift in Sources */ = {isa = PBXBuildFile; fileRef = 69F866D324812FE3007AD03C /* Prefecture.swift */; };
/* End PBXBuildFile section */

/* Begin PBXFileReference section */
		692166C6248129CE0017D89D /* CovidMap.app */ = {isa = PBXFileReference; explicitFileType = wrapper.application; includeInIndex = 0; path = CovidMap.app; sourceTree = BUILT_PRODUCTS_DIR; };
		692166C9248129CE0017D89D /* AppDelegate.swift */ = {isa = PBXFileReference; lastKnownFileType = sourcecode.swift; path = AppDelegate.swift; sourceTree = "<group>"; };
		692166CB248129CE0017D89D /* SceneDelegate.swift */ = {isa = PBXFileReference; lastKnownFileType = sourcecode.swift; path = SceneDelegate.swift; sourceTree = "<group>"; };
		692166CD248129CE0017D89D /* ViewController.swift */ = {isa = PBXFileReference; lastKnownFileType = sourcecode.swift; path = ViewController.swift; sourceTree = "<group>"; };
		692166D0248129CE0017D89D /* Base */ = {isa = PBXFileReference; lastKnownFileType = file.storyboard; name = Base; path = Base.lproj/Main.storyboard; sourceTree = "<group>"; };
		692166D2248129D10017D89D /* Assets.xcassets */ = {isa = PBXFileReference; lastKnownFileType = folder.assetcatalog; path = Assets.xcassets; sourceTree = "<group>"; };
		692166D5248129D10017D89D /* Base */ = {isa = PBXFileReference; lastKnownFileType = file.storyboard; name = Base; path = Base.lproj/LaunchScreen.storyboard; sourceTree = "<group>"; };
		692166D7248129D10017D89D /* Info.plist */ = {isa = PBXFileReference; lastKnownFileType = text.plist.xml; path = Info.plist; sourceTree = "<group>"; };
		696AE8282483EFEF005E9E85 /* PrefecturePin.swift */ = {isa = PBXFileReference; lastKnownFileType = sourcecode.swift; path = PrefecturePin.swift; sourceTree = "<group>"; };
		696AE82A2483F08D005E9E85 /* MapViewController.swift */ = {isa = PBXFileReference; lastKnownFileType = sourcecode.swift; path = MapViewController.swift; sourceTree = "<group>"; };
		69F866D324812FE3007AD03C /* Prefecture.swift */ = {isa = PBXFileReference; lastKnownFileType = sourcecode.swift; path = Prefecture.swift; sourceTree = "<group>"; };
		90FD9B3362533F61E8FC7DC9 /* Pods-CovidMap.debug.xcconfig */ = {isa = PBXFileReference; includeInIndex = 1; lastKnownFileType = text.xcconfig; name = "Pods-CovidMap.debug.xcconfig"; path = "Target Support Files/Pods-CovidMap/Pods-CovidMap.debug.xcconfig"; sourceTree = "<group>"; };
		B6B97C9A432C6F1B6EAE83CA /* Pods_CovidMap.framework */ = {isa = PBXFileReference; explicitFileType = wrapper.framework; includeInIndex = 0; path = Pods_CovidMap.framework; sourceTree = BUILT_PRODUCTS_DIR; };
		EC38554B61A82275816A1846 /* Pods-CovidMap.release.xcconfig */ = {isa = PBXFileReference; includeInIndex = 1; lastKnownFileType = text.xcconfig; name = "Pods-CovidMap.release.xcconfig"; path = "Target Support Files/Pods-CovidMap/Pods-CovidMap.release.xcconfig"; sourceTree = "<group>"; };
/* End PBXFileReference section */

/* Begin PBXFrameworksBuildPhase section */
		692166C3248129CE0017D89D /* Frameworks */ = {
			isa = PBXFrameworksBuildPhase;
			buildActionMask = 2147483647;
			files = (
				664749FBB920AF3A21E79B35 /* Pods_CovidMap.framework in Frameworks */,
			);
			runOnlyForDeploymentPostprocessing = 0;
		};
/* End PBXFrameworksBuildPhase section */

/* Begin PBXGroup section */
		18FEECAC6FC52C057484215F /* Pods */ = {
			isa = PBXGroup;
			children = (
				90FD9B3362533F61E8FC7DC9 /* Pods-CovidMap.debug.xcconfig */,
				EC38554B61A82275816A1846 /* Pods-CovidMap.release.xcconfig */,
			);
			path = Pods;
			sourceTree = "<group>";
		};
		692166BD248129CE0017D89D = {
			isa = PBXGroup;
			children = (
				692166C8248129CE0017D89D /* CovidMap */,
				692166C7248129CE0017D89D /* Products */,
				18FEECAC6FC52C057484215F /* Pods */,
				FA1FEB5B06DB56546C272AA5 /* Frameworks */,
			);
			sourceTree = "<group>";
		};
		692166C7248129CE0017D89D /* Products */ = {
			isa = PBXGroup;
			children = (
				692166C6248129CE0017D89D /* CovidMap.app */,
			);
			name = Products;
			sourceTree = "<group>";
		};
		692166C8248129CE0017D89D /* CovidMap */ = {
			isa = PBXGroup;
			children = (
				692166C9248129CE0017D89D /* AppDelegate.swift */,
				692166CB248129CE0017D89D /* SceneDelegate.swift */,
				69F866D624812FF6007AD03C /* Controller */,
				69F866D524812FE9007AD03C /* Model */,
				69F866D724812FFC007AD03C /* View */,
				692166D2248129D10017D89D /* Assets.xcassets */,
				692166D4248129D10017D89D /* LaunchScreen.storyboard */,
				692166D7248129D10017D89D /* Info.plist */,
			);
			path = CovidMap;
			sourceTree = "<group>";
		};
		69F866D524812FE9007AD03C /* Model */ = {
			isa = PBXGroup;
			children = (
				69F866D324812FE3007AD03C /* Prefecture.swift */,
				696AE8282483EFEF005E9E85 /* PrefecturePin.swift */,
			);
			path = Model;
			sourceTree = "<group>";
		};
		69F866D624812FF6007AD03C /* Controller */ = {
			isa = PBXGroup;
			children = (
				692166CD248129CE0017D89D /* ViewController.swift */,
				696AE82A2483F08D005E9E85 /* MapViewController.swift */,
			);
			path = Controller;
			sourceTree = "<group>";
		};
		69F866D724812FFC007AD03C /* View */ = {
			isa = PBXGroup;
			children = (
				692166CF248129CE0017D89D /* Main.storyboard */,
			);
			path = View;
			sourceTree = "<group>";
		};
		FA1FEB5B06DB56546C272AA5 /* Frameworks */ = {
			isa = PBXGroup;
			children = (
				B6B97C9A432C6F1B6EAE83CA /* Pods_CovidMap.framework */,
			);
			name = Frameworks;
			sourceTree = "<group>";
		};
/* End PBXGroup section */

/* Begin PBXNativeTarget section */
		692166C5248129CE0017D89D /* CovidMap */ = {
			isa = PBXNativeTarget;
			buildConfigurationList = 692166DA248129D10017D89D /* Build configuration list for PBXNativeTarget "CovidMap" */;
			buildPhases = (
				EDA1655F0B0256E9228FA7B0 /* [CP] Check Pods Manifest.lock */,
				692166C2248129CE0017D89D /* Sources */,
				692166C3248129CE0017D89D /* Frameworks */,
				692166C4248129CE0017D89D /* Resources */,
				151C5ADF3885548899B54BA9 /* [CP] Embed Pods Frameworks */,
			);
			buildRules = (
			);
			dependencies = (
			);
			name = CovidMap;
			productName = CovidMap;
			productReference = 692166C6248129CE0017D89D /* CovidMap.app */;
			productType = "com.apple.product-type.application";
		};
/* End PBXNativeTarget section */

/* Begin PBXProject section */
		692166BE248129CE0017D89D /* Project object */ = {
			isa = PBXProject;
			attributes = {
				LastSwiftUpdateCheck = 1140;
				LastUpgradeCheck = 1140;
				ORGANIZATIONNAME = "Michelle Lau";
				TargetAttributes = {
					692166C5248129CE0017D89D = {
						CreatedOnToolsVersion = 11.4;
					};
				};
			};
			buildConfigurationList = 692166C1248129CE0017D89D /* Build configuration list for PBXProject "CovidMap" */;
			compatibilityVersion = "Xcode 9.3";
			developmentRegion = en;
			hasScannedForEncodings = 0;
			knownRegions = (
				en,
				Base,
			);
			mainGroup = 692166BD248129CE0017D89D;
			productRefGroup = 692166C7248129CE0017D89D /* Products */;
			projectDirPath = "";
			projectRoot = "";
			targets = (
				692166C5248129CE0017D89D /* CovidMap */,
			);
		};
/* End PBXProject section */

/* Begin PBXResourcesBuildPhase section */
		692166C4248129CE0017D89D /* Resources */ = {
			isa = PBXResourcesBuildPhase;
			buildActionMask = 2147483647;
			files = (
				692166D6248129D10017D89D /* LaunchScreen.storyboard in Resources */,
				692166D3248129D10017D89D /* Assets.xcassets in Resources */,
				692166D1248129CE0017D89D /* Main.storyboard in Resources */,
			);
			runOnlyForDeploymentPostprocessing = 0;
		};
/* End PBXResourcesBuildPhase section */

/* Begin PBXShellScriptBuildPhase section */
		151C5ADF3885548899B54BA9 /* [CP] Embed Pods Frameworks */ = {
			isa = PBXShellScriptBuildPhase;
			buildActionMask = 2147483647;
			files = (
			);
			inputFileListPaths = (
				"${PODS_ROOT}/Target Support Files/Pods-CovidMap/Pods-CovidMap-frameworks-${CONFIGURATION}-input-files.xcfilelist",
			);
			name = "[CP] Embed Pods Frameworks";
			outputFileListPaths = (
				"${PODS_ROOT}/Target Support Files/Pods-CovidMap/Pods-CovidMap-frameworks-${CONFIGURATION}-output-files.xcfilelist",
			);
			runOnlyForDeploymentPostprocessing = 0;
			shellPath = /bin/sh;
			shellScript = "\"${PODS_ROOT}/Target Support Files/Pods-CovidMap/Pods-CovidMap-frameworks.sh\"\n";
			showEnvVarsInLog = 0;
		};
		EDA1655F0B0256E9228FA7B0 /* [CP] Check Pods Manifest.lock */ = {
			isa = PBXShellScriptBuildPhase;
			buildActionMask = 2147483647;
			files = (
			);
			inputFileListPaths = (
			);
			inputPaths = (
				"${PODS_PODFILE_DIR_PATH}/Podfile.lock",
				"${PODS_ROOT}/Manifest.lock",
			);
			name = "[CP] Check Pods Manifest.lock";
			outputFileListPaths = (
			);
			outputPaths = (
				"$(DERIVED_FILE_DIR)/Pods-CovidMap-checkManifestLockResult.txt",
			);
			runOnlyForDeploymentPostprocessing = 0;
			shellPath = /bin/sh;
			shellScript = "diff \"${PODS_PODFILE_DIR_PATH}/Podfile.lock\" \"${PODS_ROOT}/Manifest.lock\" > /dev/null\nif [ $? != 0 ] ; then\n    # print error to STDERR\n    echo \"error: The sandbox is not in sync with the Podfile.lock. Run 'pod install' or update your CocoaPods installation.\" >&2\n    exit 1\nfi\n# This output is used by Xcode 'outputs' to avoid re-running this script phase.\necho \"SUCCESS\" > \"${SCRIPT_OUTPUT_FILE_0}\"\n";
			showEnvVarsInLog = 0;
		};
/* End PBXShellScriptBuildPhase section */

/* Begin PBXSourcesBuildPhase section */
		692166C2248129CE0017D89D /* Sources */ = {
			isa = PBXSourcesBuildPhase;
			buildActionMask = 2147483647;
			files = (
				69F866D424812FE3007AD03C /* Prefecture.swift in Sources */,
				696AE82B2483F08D005E9E85 /* MapViewController.swift in Sources */,
				692166CE248129CE0017D89D /* ViewController.swift in Sources */,
				692166CA248129CE0017D89D /* AppDelegate.swift in Sources */,
				692166CC248129CE0017D89D /* SceneDelegate.swift in Sources */,
				696AE8292483EFEF005E9E85 /* PrefecturePin.swift in Sources */,
			);
			runOnlyForDeploymentPostprocessing = 0;
		};
/* End PBXSourcesBuildPhase section */

/* Begin PBXVariantGroup section */
		692166CF248129CE0017D89D /* Main.storyboard */ = {
			isa = PBXVariantGroup;
			children = (
				692166D0248129CE0017D89D /* Base */,
			);
			name = Main.storyboard;
			sourceTree = "<group>";
		};
		692166D4248129D10017D89D /* LaunchScreen.storyboard */ = {
			isa = PBXVariantGroup;
			children = (
				692166D5248129D10017D89D /* Base */,
			);
			name = LaunchScreen.storyboard;
			sourceTree = "<group>";
		};
/* End PBXVariantGroup section */

/* Begin XCBuildConfiguration section */
		692166D8248129D10017D89D /* Debug */ = {
			isa = XCBuildConfiguration;
			buildSettings = {
				ALWAYS_SEARCH_USER_PATHS = NO;
				CLANG_ANALYZER_NONNULL = YES;
				CLANG_ANALYZER_NUMBER_OBJECT_CONVERSION = YES_AGGRESSIVE;
				CLANG_CXX_LANGUAGE_STANDARD = "gnu++14";
				CLANG_CXX_LIBRARY = "libc++";
				CLANG_ENABLE_MODULES = YES;
				CLANG_ENABLE_OBJC_ARC = YES;
				CLANG_ENABLE_OBJC_WEAK = YES;
				CLANG_WARN_BLOCK_CAPTURE_AUTORELEASING = YES;
				CLANG_WARN_BOOL_CONVERSION = YES;
				CLANG_WARN_COMMA = YES;
				CLANG_WARN_CONSTANT_CONVERSION = YES;
				CLANG_WARN_DEPRECATED_OBJC_IMPLEMENTATIONS = YES;
				CLANG_WARN_DIRECT_OBJC_ISA_USAGE = YES_ERROR;
				CLANG_WARN_DOCUMENTATION_COMMENTS = YES;
				CLANG_WARN_EMPTY_BODY = YES;
				CLANG_WARN_ENUM_CONVERSION = YES;
				CLANG_WARN_INFINITE_RECURSION = YES;
				CLANG_WARN_INT_CONVERSION = YES;
				CLANG_WARN_NON_LITERAL_NULL_CONVERSION = YES;
				CLANG_WARN_OBJC_IMPLICIT_RETAIN_SELF = YES;
				CLANG_WARN_OBJC_LITERAL_CONVERSION = YES;
				CLANG_WARN_OBJC_ROOT_CLASS = YES_ERROR;
				CLANG_WARN_RANGE_LOOP_ANALYSIS = YES;
				CLANG_WARN_STRICT_PROTOTYPES = YES;
				CLANG_WARN_SUSPICIOUS_MOVE = YES;
				CLANG_WARN_UNGUARDED_AVAILABILITY = YES_AGGRESSIVE;
				CLANG_WARN_UNREACHABLE_CODE = YES;
				CLANG_WARN__DUPLICATE_METHOD_MATCH = YES;
				COPY_PHASE_STRIP = NO;
				DEBUG_INFORMATION_FORMAT = dwarf;
				ENABLE_STRICT_OBJC_MSGSEND = YES;
				ENABLE_TESTABILITY = YES;
				GCC_C_LANGUAGE_STANDARD = gnu11;
				GCC_DYNAMIC_NO_PIC = NO;
				GCC_NO_COMMON_BLOCKS = YES;
				GCC_OPTIMIZATION_LEVEL = 0;
				GCC_PREPROCESSOR_DEFINITIONS = (
					"DEBUG=1",
					"$(inherited)",
				);
				GCC_WARN_64_TO_32_BIT_CONVERSION = YES;
				GCC_WARN_ABOUT_RETURN_TYPE = YES_ERROR;
				GCC_WARN_UNDECLARED_SELECTOR = YES;
				GCC_WARN_UNINITIALIZED_AUTOS = YES_AGGRESSIVE;
				GCC_WARN_UNUSED_FUNCTION = YES;
				GCC_WARN_UNUSED_VARIABLE = YES;
				IPHONEOS_DEPLOYMENT_TARGET = 13.4;
				MTL_ENABLE_DEBUG_INFO = INCLUDE_SOURCE;
				MTL_FAST_MATH = YES;
				ONLY_ACTIVE_ARCH = YES;
				SDKROOT = iphoneos;
				SWIFT_ACTIVE_COMPILATION_CONDITIONS = DEBUG;
				SWIFT_OPTIMIZATION_LEVEL = "-Onone";
			};
			name = Debug;
		};
		692166D9248129D10017D89D /* Release */ = {
			isa = XCBuildConfiguration;
			buildSettings = {
				ALWAYS_SEARCH_USER_PATHS = NO;
				CLANG_ANALYZER_NONNULL = YES;
				CLANG_ANALYZER_NUMBER_OBJECT_CONVERSION = YES_AGGRESSIVE;
				CLANG_CXX_LANGUAGE_STANDARD = "gnu++14";
				CLANG_CXX_LIBRARY = "libc++";
				CLANG_ENABLE_MODULES = YES;
				CLANG_ENABLE_OBJC_ARC = YES;
				CLANG_ENABLE_OBJC_WEAK = YES;
				CLANG_WARN_BLOCK_CAPTURE_AUTORELEASING = YES;
				CLANG_WARN_BOOL_CONVERSION = YES;
				CLANG_WARN_COMMA = YES;
				CLANG_WARN_CONSTANT_CONVERSION = YES;
				CLANG_WARN_DEPRECATED_OBJC_IMPLEMENTATIONS = YES;
				CLANG_WARN_DIRECT_OBJC_ISA_USAGE = YES_ERROR;
				CLANG_WARN_DOCUMENTATION_COMMENTS = YES;
				CLANG_WARN_EMPTY_BODY = YES;
				CLANG_WARN_ENUM_CONVERSION = YES;
				CLANG_WARN_INFINITE_RECURSION = YES;
				CLANG_WARN_INT_CONVERSION = YES;
				CLANG_WARN_NON_LITERAL_NULL_CONVERSION = YES;
				CLANG_WARN_OBJC_IMPLICIT_RETAIN_SELF = YES;
				CLANG_WARN_OBJC_LITERAL_CONVERSION = YES;
				CLANG_WARN_OBJC_ROOT_CLASS = YES_ERROR;
				CLANG_WARN_RANGE_LOOP_ANALYSIS = YES;
				CLANG_WARN_STRICT_PROTOTYPES = YES;
				CLANG_WARN_SUSPICIOUS_MOVE = YES;
				CLANG_WARN_UNGUARDED_AVAILABILITY = YES_AGGRESSIVE;
				CLANG_WARN_UNREACHABLE_CODE = YES;
				CLANG_WARN__DUPLICATE_METHOD_MATCH = YES;
				COPY_PHASE_STRIP = NO;
				DEBUG_INFORMATION_FORMAT = "dwarf-with-dsym";
				ENABLE_NS_ASSERTIONS = NO;
				ENABLE_STRICT_OBJC_MSGSEND = YES;
				GCC_C_LANGUAGE_STANDARD = gnu11;
				GCC_NO_COMMON_BLOCKS = YES;
				GCC_WARN_64_TO_32_BIT_CONVERSION = YES;
				GCC_WARN_ABOUT_RETURN_TYPE = YES_ERROR;
				GCC_WARN_UNDECLARED_SELECTOR = YES;
				GCC_WARN_UNINITIALIZED_AUTOS = YES_AGGRESSIVE;
				GCC_WARN_UNUSED_FUNCTION = YES;
				GCC_WARN_UNUSED_VARIABLE = YES;
				IPHONEOS_DEPLOYMENT_TARGET = 13.4;
				MTL_ENABLE_DEBUG_INFO = NO;
				MTL_FAST_MATH = YES;
				SDKROOT = iphoneos;
				SWIFT_COMPILATION_MODE = wholemodule;
				SWIFT_OPTIMIZATION_LEVEL = "-O";
				VALIDATE_PRODUCT = YES;
			};
			name = Release;
		};
		692166DB248129D10017D89D /* Debug */ = {
			isa = XCBuildConfiguration;
			baseConfigurationReference = 90FD9B3362533F61E8FC7DC9 /* Pods-CovidMap.debug.xcconfig */;
			buildSettings = {
				ASSETCATALOG_COMPILER_APPICON_NAME = AppIcon;
				CODE_SIGN_STYLE = Automatic;
				INFOPLIST_FILE = CovidMap/Info.plist;
				LD_RUNPATH_SEARCH_PATHS = (
					"$(inherited)",
					"@executable_path/Frameworks",
				);
				PRODUCT_BUNDLE_IDENTIFIER = com.MichelleLau.CovidMap;
				PRODUCT_NAME = "$(TARGET_NAME)";
				SWIFT_VERSION = 5.0;
				TARGETED_DEVICE_FAMILY = "1,2";
			};
			name = Debug;
		};
		692166DC248129D10017D89D /* Release */ = {
			isa = XCBuildConfiguration;
			baseConfigurationReference = EC38554B61A82275816A1846 /* Pods-CovidMap.release.xcconfig */;
			buildSettings = {
				ASSETCATALOG_COMPILER_APPICON_NAME = AppIcon;
				CODE_SIGN_STYLE = Automatic;
				INFOPLIST_FILE = CovidMap/Info.plist;
				LD_RUNPATH_SEARCH_PATHS = (
					"$(inherited)",
					"@executable_path/Frameworks",
				);
				PRODUCT_BUNDLE_IDENTIFIER = com.MichelleLau.CovidMap;
				PRODUCT_NAME = "$(TARGET_NAME)";
				SWIFT_VERSION = 5.0;
				TARGETED_DEVICE_FAMILY = "1,2";
			};
			name = Release;
		};
/* End XCBuildConfiguration section */

/* Begin XCConfigurationList section */
		692166C1248129CE0017D89D /* Build configuration list for PBXProject "CovidMap" */ = {
			isa = XCConfigurationList;
			buildConfigurations = (
				692166D8248129D10017D89D /* Debug */,
				692166D9248129D10017D89D /* Release */,
			);
			defaultConfigurationIsVisible = 0;
			defaultConfigurationName = Release;
		};
		692166DA248129D10017D89D /* Build configuration list for PBXNativeTarget "CovidMap" */ = {
			isa = XCConfigurationList;
			buildConfigurations = (
				692166DB248129D10017D89D /* Debug */,
				692166DC248129D10017D89D /* Release */,
			);
			defaultConfigurationIsVisible = 0;
			defaultConfigurationName = Release;
		};
/* End XCConfigurationList section */
	};
	rootObject = 692166BE248129CE0017D89D /* Project object */;
}
